{
  "version": 4,
  "terraform_version": "1.14.0",
  "serial": 175,
  "lineage": "bb6499be-c467-7e69-d006-5a47976c9e49",
  "outputs": {
    "service_account_email": {
      "value": "cloudrun-sa@alert-cursor-476219-s1.iam.gserviceaccount.com",
      "type": "string"
    }
  },
  "resources": [
    {
      "mode": "managed",
      "type": "google_artifact_registry_repository",
      "name": "app_repo",
      "provider": "provider[\"registry.terraform.io/hashicorp/google\"]",
      "instances": [
        {
          "schema_version": 0,
          "attributes": {
            "cleanup_policies": [],
            "cleanup_policy_dry_run": false,
            "create_time": "2025-12-06T14:35:22.418108Z",
            "description": "Minimal app container repo",
            "docker_config": [],
            "effective_labels": {},
            "format": "DOCKER",
            "id": "projects/alert-cursor-476219-s1/locations/us-central1/repositories/app-repo",
            "kms_key_name": "",
            "labels": {},
            "location": "us-central1",
            "maven_config": [],
            "mode": "STANDARD_REPOSITORY",
            "name": "app-repo",
            "project": "alert-cursor-476219-s1",
            "remote_repository_config": [],
            "repository_id": "app-repo",
            "terraform_labels": {},
            "timeouts": null,
            "update_time": "2025-12-06T14:35:22.418108Z",
            "virtual_repository_config": []
          },
          "sensitive_attributes": [],
          "identity_schema_version": 0,
          "private": "eyJlMmJmYjczMC1lY2FhLTExZTYtOGY4OC0zNDM2M2JjN2M0YzAiOnsiY3JlYXRlIjoxMjAwMDAwMDAwMDAwLCJkZWxldGUiOjEyMDAwMDAwMDAwMDAsInVwZGF0ZSI6MTIwMDAwMDAwMDAwMH19"
        }
      ]
    },
    {
      "mode": "managed",
      "type": "google_cloud_run_v2_service",
      "name": "csv_persister",
      "provider": "provider[\"registry.terraform.io/hashicorp/google\"]",
      "instances": [
        {
          "schema_version": 0,
          "attributes": {
            "annotations": {},
            "binary_authorization": [],
            "client": "",
            "client_version": "",
            "conditions": [
              {
                "execution_reason": "",
                "last_transition_time": "2025-12-22T02:02:30.815098Z",
                "message": "",
                "reason": "",
                "revision_reason": "",
                "severity": "",
                "state": "CONDITION_SUCCEEDED",
                "type": "RoutesReady"
              },
              {
                "execution_reason": "",
                "last_transition_time": "2025-12-22T02:02:05.229411Z",
                "message": "",
                "reason": "",
                "revision_reason": "",
                "severity": "",
                "state": "CONDITION_SUCCEEDED",
                "type": "ConfigurationsReady"
              }
            ],
            "create_time": "2025-12-05T15:56:11.774844Z",
            "creator": "anwar.wahid.1686@gmail.com",
            "custom_audiences": [],
            "delete_time": "",
            "description": "",
            "effective_annotations": {},
            "effective_labels": {},
            "etag": "\"CJzNosoGEJCb5IsB/cHJvamVjdHMvYWxlcnQtY3Vyc29yLTQ3NjIxOS1zMS9sb2NhdGlvbnMvdXMtY2VudHJhbDEvc2VydmljZXMvY3N2LXBlcnNpc3Rlcg\"",
            "expire_time": "",
            "generation": "35",
            "id": "projects/alert-cursor-476219-s1/locations/us-central1/services/csv-persister",
            "ingress": "INGRESS_TRAFFIC_ALL",
            "labels": {},
            "last_modifier": "anwar.wahid.1686@gmail.com",
            "latest_created_revision": "projects/alert-cursor-476219-s1/locations/us-central1/services/csv-persister/revisions/csv-persister-1ed7ab1a",
            "latest_ready_revision": "projects/alert-cursor-476219-s1/locations/us-central1/services/csv-persister/revisions/csv-persister-1ed7ab1a",
            "launch_stage": "GA",
            "location": "us-central1",
            "name": "csv-persister",
            "observed_generation": "35",
            "project": "alert-cursor-476219-s1",
            "reconciling": false,
            "template": [
              {
                "annotations": {},
                "containers": [
                  {
                    "args": [],
                    "command": [],
                    "depends_on": [],
                    "env": [
                      {
                        "name": "GOOGLE_APPLICATION_CREDENTIALS",
                        "value": "/run/secrets/firebase",
                        "value_source": []
                      },
                      {
                        "name": "SEPOLIA_RPC_URL",
                        "value": "",
                        "value_source": [
                          {
                            "secret_key_ref": [
                              {
                                "secret": "SEPOLIA_RPC_URL",
                                "version": "latest"
                              }
                            ]
                          }
                        ]
                      },
                      {
                        "name": "WEB3_PRIVATE_KEY",
                        "value": "",
                        "value_source": [
                          {
                            "secret_key_ref": [
                              {
                                "secret": "WEB3_PRIVATE_KEY",
                                "version": "latest"
                              }
                            ]
                          }
                        ]
                      },
                      {
                        "name": "CONTRACT_ADDRESS_V2",
                        "value": "",
                        "value_source": [
                          {
                            "secret_key_ref": [
                              {
                                "secret": "CONTRACT_ADDRESS_V2",
                                "version": "latest"
                              }
                            ]
                          }
                        ]
                      },
                      {
                        "name": "WEB_PORT",
                        "value": "8080",
                        "value_source": []
                      },
                      {
                        "name": "KAFKA_BOOTSTRAP_SERVERS",
                        "value": "pkc-lgk0v.us-west1.gcp.confluent.cloud:9092",
                        "value_source": []
                      },
                      {
                        "name": "KAFKA_SCHEMA_REGISTRY",
                        "value": "https://psrc-81qy1r.us-west1.gcp.confluent.cloud",
                        "value_source": []
                      },
                      {
                        "name": "KAFKA_SECURITY_PROTOCOL",
                        "value": "SASL_SSL",
                        "value_source": []
                      },
                      {
                        "name": "KAFKA_SASL_MECHANISM",
                        "value": "PLAIN",
                        "value_source": []
                      },
                      {
                        "name": "KAFKA_SASL_JAAS_CONFIG",
                        "value": "org.apache.kafka.common.security.plain.PlainLoginModule required username=\"DRVLONONKVQ46SJK\" password=\"cfltRl737pTCUGonN6hUMpR8+a5uKaVRxUnNjf8F538KPAKRZpB8TnA/QxWej6Cg\";",
                        "value_source": []
                      },
                      {
                        "name": "LOG_LEVEL",
                        "value": "ERROR",
                        "value_source": []
                      },
                      {
                        "name": "JPA_JDBC_URL",
                        "value": "jdbc:postgresql://10.128.0.2:5432/publication-db",
                        "value_source": []
                      },
                      {
                        "name": "DB_HOST",
                        "value": "10.128.0.2",
                        "value_source": []
                      },
                      {
                        "name": "DB_PORT",
                        "value": "5432",
                        "value_source": []
                      }
                    ],
                    "image": "us-central1-docker.pkg.dev/alert-cursor-476219-s1/publication-repo/publication-persister@sha256:5b510f069d5a6a4f9f56e15419b5959bd3c1543e6b4fc4f9792a4b990469f2f9",
                    "liveness_probe": [],
                    "name": "",
                    "ports": [
                      {
                        "container_port": 8080,
                        "name": "http1"
                      }
                    ],
                    "resources": [
                      {
                        "cpu_idle": false,
                        "limits": {
                          "cpu": "1",
                          "memory": "512Mi"
                        },
                        "startup_cpu_boost": false
                      }
                    ],
                    "startup_probe": [
                      {
                        "failure_threshold": 1,
                        "grpc": [],
                        "http_get": [],
                        "initial_delay_seconds": 0,
                        "period_seconds": 240,
                        "tcp_socket": [
                          {
                            "port": 8080
                          }
                        ],
                        "timeout_seconds": 240
                      }
                    ],
                    "volume_mounts": [
                      {
                        "mount_path": "/run/secrets",
                        "name": "firebase-secret"
                      }
                    ],
                    "working_dir": ""
                  }
                ],
                "encryption_key": "",
                "execution_environment": "",
                "labels": {},
                "max_instance_request_concurrency": 80,
                "revision": "csv-persister-1ed7ab1a",
                "scaling": [
                  {
                    "max_instance_count": 1,
                    "min_instance_count": 0
                  }
                ],
                "service_account": "cloudrun-sa@alert-cursor-476219-s1.iam.gserviceaccount.com",
                "session_affinity": false,
                "timeout": "30s",
                "volumes": [
                  {
                    "cloud_sql_instance": [],
                    "gcs": [],
                    "name": "firebase-secret",
                    "nfs": [],
                    "secret": [
                      {
                        "default_mode": 0,
                        "items": [
                          {
                            "mode": 0,
                            "path": "firebase",
                            "version": "latest"
                          }
                        ],
                        "secret": "firebase-service-account"
                      }
                    ]
                  }
                ],
                "vpc_access": [
                  {
                    "connector": "projects/alert-cursor-476219-s1/locations/us-central1/connectors/run-connector",
                    "egress": "PRIVATE_RANGES_ONLY",
                    "network_interfaces": []
                  }
                ]
              }
            ],
            "terminal_condition": [
              {
                "execution_reason": "",
                "last_transition_time": "2025-12-22T02:02:30.851320Z",
                "message": "",
                "reason": "",
                "revision_reason": "",
                "severity": "",
                "state": "CONDITION_SUCCEEDED",
                "type": "Ready"
              }
            ],
            "terraform_labels": {},
            "timeouts": null,
            "traffic": [
              {
                "percent": 100,
                "revision": "",
                "tag": "",
                "type": "TRAFFIC_TARGET_ALLOCATION_TYPE_LATEST"
              }
            ],
            "traffic_statuses": [
              {
                "percent": 100,
                "revision": "",
                "tag": "",
                "type": "TRAFFIC_TARGET_ALLOCATION_TYPE_LATEST",
                "uri": ""
              }
            ],
            "uid": "7f825874-0e72-4a8a-a800-f2047ef2ef51",
            "update_time": "2025-12-22T02:02:04.293146Z",
            "uri": "https://csv-persister-56jig5glwa-uc.a.run.app"
          },
          "sensitive_attributes": [],
          "identity_schema_version": 0,
          "private": "eyJlMmJmYjczMC1lY2FhLTExZTYtOGY4OC0zNDM2M2JjN2M0YzAiOnsiY3JlYXRlIjoxMjAwMDAwMDAwMDAwLCJkZWxldGUiOjEyMDAwMDAwMDAwMDAsInVwZGF0ZSI6MTIwMDAwMDAwMDAwMH19",
          "dependencies": [
            "google_secret_manager_secret.firebase_sa",
            "google_service_account.run_sa"
          ]
        }
      ]
    },
    {
      "mode": "managed",
      "type": "google_cloud_run_v2_service",
      "name": "csv_producer",
      "provider": "provider[\"registry.terraform.io/hashicorp/google\"]",
      "instances": [
        {
          "schema_version": 0,
          "attributes": {
            "annotations": {},
            "binary_authorization": [],
            "client": "",
            "client_version": "",
            "conditions": [
              {
                "execution_reason": "",
                "last_transition_time": "2025-12-22T02:02:17.323380Z",
                "message": "",
                "reason": "",
                "revision_reason": "",
                "severity": "",
                "state": "CONDITION_SUCCEEDED",
                "type": "RoutesReady"
              },
              {
                "execution_reason": "",
                "last_transition_time": "2025-12-22T02:02:05.176515Z",
                "message": "",
                "reason": "",
                "revision_reason": "",
                "severity": "",
                "state": "CONDITION_SUCCEEDED",
                "type": "ConfigurationsReady"
              }
            ],
            "create_time": "2025-12-05T10:27:02.263464Z",
            "creator": "anwar.wahid.1686@gmail.com",
            "custom_audiences": [],
            "delete_time": "",
            "description": "",
            "effective_annotations": {},
            "effective_labels": {},
            "etag": "\"CJzNosoGEPiJqIYB/cHJvamVjdHMvYWxlcnQtY3Vyc29yLTQ3NjIxOS1zMS9sb2NhdGlvbnMvdXMtY2VudHJhbDEvc2VydmljZXMvY3N2LXBhcnNlcg\"",
            "expire_time": "",
            "generation": "35",
            "id": "projects/alert-cursor-476219-s1/locations/us-central1/services/csv-parser",
            "ingress": "INGRESS_TRAFFIC_ALL",
            "labels": {},
            "last_modifier": "anwar.wahid.1686@gmail.com",
            "latest_created_revision": "projects/alert-cursor-476219-s1/locations/us-central1/services/csv-parser/revisions/csv-parser-1ed7ab1a",
            "latest_ready_revision": "projects/alert-cursor-476219-s1/locations/us-central1/services/csv-parser/revisions/csv-parser-1ed7ab1a",
            "launch_stage": "GA",
            "location": "us-central1",
            "name": "csv-parser",
            "observed_generation": "35",
            "project": "alert-cursor-476219-s1",
            "reconciling": false,
            "template": [
              {
                "annotations": {},
                "containers": [
                  {
                    "args": [],
                    "command": [],
                    "depends_on": [],
                    "env": [
                      {
                        "name": "SEPOLIA_RPC_URL",
                        "value": "",
                        "value_source": [
                          {
                            "secret_key_ref": [
                              {
                                "secret": "SEPOLIA_RPC_URL",
                                "version": "latest"
                              }
                            ]
                          }
                        ]
                      },
                      {
                        "name": "PRIVATE_KEY",
                        "value": "",
                        "value_source": [
                          {
                            "secret_key_ref": [
                              {
                                "secret": "WEB3_PRIVATE_KEY",
                                "version": "latest"
                              }
                            ]
                          }
                        ]
                      },
                      {
                        "name": "CONTRACT_ADDRESS_V2",
                        "value": "",
                        "value_source": [
                          {
                            "secret_key_ref": [
                              {
                                "secret": "CONTRACT_ADDRESS_V2",
                                "version": "latest"
                              }
                            ]
                          }
                        ]
                      },
                      {
                        "name": "WEB_PORT",
                        "value": "8080",
                        "value_source": []
                      },
                      {
                        "name": "AUTHOR_CSV_PATH",
                        "value": "gs://publication-csv-bucket/autoren.csv",
                        "value_source": []
                      },
                      {
                        "name": "AUTHOR_CSV_CHARSET",
                        "value": "ISO_8859_1",
                        "value_source": []
                      },
                      {
                        "name": "BOOK_CSV_PATH",
                        "value": "gs://publication-csv-bucket/buecher.csv",
                        "value_source": []
                      },
                      {
                        "name": "BOOK_CSV_CHARSET",
                        "value": "windows-1252",
                        "value_source": []
                      },
                      {
                        "name": "MAGAZINE_CSV_PATH",
                        "value": "gs://publication-csv-bucket/zeitschriften.csv",
                        "value_source": []
                      },
                      {
                        "name": "MAGAZINE_CSV_CHARSET",
                        "value": "ISO_8859_1",
                        "value_source": []
                      },
                      {
                        "name": "KAFKA_BOOTSTRAP_SERVERS",
                        "value": "pkc-lgk0v.us-west1.gcp.confluent.cloud:9092",
                        "value_source": []
                      },
                      {
                        "name": "KAFKA_SCHEMA_REGISTRY",
                        "value": "https://psrc-81qy1r.us-west1.gcp.confluent.cloud",
                        "value_source": []
                      },
                      {
                        "name": "KAFKA_SECURITY_PROTOCOL",
                        "value": "SASL_SSL",
                        "value_source": []
                      },
                      {
                        "name": "KAFKA_SASL_MECHANISM",
                        "value": "PLAIN",
                        "value_source": []
                      },
                      {
                        "name": "KAFKA_SASL_JAAS_CONFIG",
                        "value": "org.apache.kafka.common.security.plain.PlainLoginModule required username=\"DRVLONONKVQ46SJK\" password=\"cfltRl737pTCUGonN6hUMpR8+a5uKaVRxUnNjf8F538KPAKRZpB8TnA/QxWej6Cg\";",
                        "value_source": []
                      },
                      {
                        "name": "LOG_LEVEL",
                        "value": "ERROR",
                        "value_source": []
                      },
                      {
                        "name": "FROM_VOLUME",
                        "value": "false",
                        "value_source": []
                      },
                      {
                        "name": "JPA_JDBC_URL",
                        "value": "jdbc:postgresql://10.128.0.2:5432/publication-db",
                        "value_source": []
                      }
                    ],
                    "image": "us-central1-docker.pkg.dev/alert-cursor-476219-s1/publication-repo/csv-producer@sha256:423291011936dc1bc368f83ac09683901cb2716d058e2f58bcb634aab28981a1",
                    "liveness_probe": [],
                    "name": "",
                    "ports": [
                      {
                        "container_port": 8080,
                        "name": "http1"
                      }
                    ],
                    "resources": [
                      {
                        "cpu_idle": false,
                        "limits": {
                          "cpu": "1",
                          "memory": "512Mi"
                        },
                        "startup_cpu_boost": false
                      }
                    ],
                    "startup_probe": [
                      {
                        "failure_threshold": 1,
                        "grpc": [],
                        "http_get": [],
                        "initial_delay_seconds": 0,
                        "period_seconds": 240,
                        "tcp_socket": [
                          {
                            "port": 8080
                          }
                        ],
                        "timeout_seconds": 240
                      }
                    ],
                    "volume_mounts": [],
                    "working_dir": ""
                  }
                ],
                "encryption_key": "",
                "execution_environment": "",
                "labels": {},
                "max_instance_request_concurrency": 80,
                "revision": "csv-parser-1ed7ab1a",
                "scaling": [
                  {
                    "max_instance_count": 1,
                    "min_instance_count": 0
                  }
                ],
                "service_account": "cloudrun-sa@alert-cursor-476219-s1.iam.gserviceaccount.com",
                "session_affinity": false,
                "timeout": "30s",
                "volumes": [],
                "vpc_access": [
                  {
                    "connector": "projects/alert-cursor-476219-s1/locations/us-central1/connectors/run-connector",
                    "egress": "PRIVATE_RANGES_ONLY",
                    "network_interfaces": []
                  }
                ]
              }
            ],
            "terminal_condition": [
              {
                "execution_reason": "",
                "last_transition_time": "2025-12-22T02:02:17.354636Z",
                "message": "",
                "reason": "",
                "revision_reason": "",
                "severity": "",
                "state": "CONDITION_SUCCEEDED",
                "type": "Ready"
              }
            ],
            "terraform_labels": {},
            "timeouts": null,
            "traffic": [
              {
                "percent": 100,
                "revision": "",
                "tag": "",
                "type": "TRAFFIC_TARGET_ALLOCATION_TYPE_LATEST"
              }
            ],
            "traffic_statuses": [
              {
                "percent": 100,
                "revision": "",
                "tag": "",
                "type": "TRAFFIC_TARGET_ALLOCATION_TYPE_LATEST",
                "uri": ""
              }
            ],
            "uid": "94b5db71-4f37-4a10-a844-9ce3cd96328a",
            "update_time": "2025-12-22T02:02:04.281675Z",
            "uri": "https://csv-parser-56jig5glwa-uc.a.run.app"
          },
          "sensitive_attributes": [],
          "identity_schema_version": 0,
          "private": "eyJlMmJmYjczMC1lY2FhLTExZTYtOGY4OC0zNDM2M2JjN2M0YzAiOnsiY3JlYXRlIjoxMjAwMDAwMDAwMDAwLCJkZWxldGUiOjEyMDAwMDAwMDAwMDAsInVwZGF0ZSI6MTIwMDAwMDAwMDAwMH19",
          "dependencies": [
            "google_service_account.run_sa"
          ]
        }
      ]
    },
    {
      "mode": "managed",
      "type": "google_project_iam_member",
      "name": "firebase_auth_admin",
      "provider": "provider[\"registry.terraform.io/hashicorp/google\"]",
      "instances": [
        {
          "schema_version": 0,
          "attributes": {
            "condition": [],
            "etag": "BwZGgLNX6sw=",
            "id": "alert-cursor-476219-s1/roles/firebaseauth.admin/serviceAccount:cloudrun-sa@alert-cursor-476219-s1.iam.gserviceaccount.com",
            "member": "serviceAccount:cloudrun-sa@alert-cursor-476219-s1.iam.gserviceaccount.com",
            "project": "alert-cursor-476219-s1",
            "role": "roles/firebaseauth.admin"
          },
          "sensitive_attributes": [],
          "identity_schema_version": 0,
          "private": "bnVsbA==",
          "dependencies": [
            "google_service_account.run_sa"
          ]
        }
      ]
    },
    {
      "mode": "managed",
      "type": "google_project_iam_member",
      "name": "firestore_user",
      "provider": "provider[\"registry.terraform.io/hashicorp/google\"]",
      "instances": [
        {
          "schema_version": 0,
          "attributes": {
            "condition": [],
            "etag": "BwZGgLNX6sw=",
            "id": "alert-cursor-476219-s1/roles/datastore.user/serviceAccount:cloudrun-sa@alert-cursor-476219-s1.iam.gserviceaccount.com",
            "member": "serviceAccount:cloudrun-sa@alert-cursor-476219-s1.iam.gserviceaccount.com",
            "project": "alert-cursor-476219-s1",
            "role": "roles/datastore.user"
          },
          "sensitive_attributes": [],
          "identity_schema_version": 0,
          "private": "bnVsbA==",
          "dependencies": [
            "google_service_account.run_sa"
          ]
        }
      ]
    },
    {
      "mode": "managed",
      "type": "google_project_iam_member",
      "name": "run_sa_storage_reader",
      "provider": "provider[\"registry.terraform.io/hashicorp/google\"]",
      "instances": [
        {
          "schema_version": 0,
          "attributes": {
            "condition": [],
            "etag": "BwZGgLNX6sw=",
            "id": "alert-cursor-476219-s1/roles/storage.objectViewer/serviceAccount:cloudrun-sa@alert-cursor-476219-s1.iam.gserviceaccount.com",
            "member": "serviceAccount:cloudrun-sa@alert-cursor-476219-s1.iam.gserviceaccount.com",
            "project": "alert-cursor-476219-s1",
            "role": "roles/storage.objectViewer"
          },
          "sensitive_attributes": [],
          "identity_schema_version": 0,
          "private": "bnVsbA==",
          "dependencies": [
            "google_service_account.run_sa"
          ]
        }
      ]
    },
    {
      "mode": "managed",
      "type": "google_secret_manager_secret",
      "name": "firebase_sa",
      "provider": "provider[\"registry.terraform.io/hashicorp/google\"]",
      "instances": [
        {
          "schema_version": 0,
          "attributes": {
            "annotations": {},
            "create_time": "2025-12-22T01:53:53.616543Z",
            "effective_annotations": {},
            "effective_labels": {},
            "expire_time": "",
            "id": "projects/alert-cursor-476219-s1/secrets/firebase-service-account",
            "labels": {},
            "name": "projects/652346505611/secrets/firebase-service-account",
            "project": "alert-cursor-476219-s1",
            "replication": [
              {
                "auto": [
                  {
                    "customer_managed_encryption": []
                  }
                ],
                "user_managed": []
              }
            ],
            "rotation": [],
            "secret_id": "firebase-service-account",
            "terraform_labels": {},
            "timeouts": null,
            "topics": [],
            "ttl": null,
            "version_aliases": {},
            "version_destroy_ttl": ""
          },
          "sensitive_attributes": [],
          "identity_schema_version": 0,
          "private": "eyJlMmJmYjczMC1lY2FhLTExZTYtOGY4OC0zNDM2M2JjN2M0YzAiOnsiY3JlYXRlIjoxMjAwMDAwMDAwMDAwLCJkZWxldGUiOjEyMDAwMDAwMDAwMDAsInVwZGF0ZSI6MTIwMDAwMDAwMDAwMH19"
        }
      ]
    },
    {
      "mode": "managed",
      "type": "google_secret_manager_secret_iam_member",
      "name": "firebase_access",
      "provider": "provider[\"registry.terraform.io/hashicorp/google\"]",
      "instances": [
        {
          "schema_version": 0,
          "attributes": {
            "condition": [],
            "etag": "BwZGgLNb87U=",
            "id": "projects/alert-cursor-476219-s1/secrets/firebase-service-account/roles/secretmanager.secretAccessor/serviceAccount:cloudrun-sa@alert-cursor-476219-s1.iam.gserviceaccount.com",
            "member": "serviceAccount:cloudrun-sa@alert-cursor-476219-s1.iam.gserviceaccount.com",
            "project": "alert-cursor-476219-s1",
            "role": "roles/secretmanager.secretAccessor",
            "secret_id": "projects/alert-cursor-476219-s1/secrets/firebase-service-account"
          },
          "sensitive_attributes": [],
          "identity_schema_version": 0,
          "private": "bnVsbA==",
          "dependencies": [
            "google_secret_manager_secret.firebase_sa",
            "google_service_account.run_sa"
          ]
        }
      ]
    },
    {
      "mode": "managed",
      "type": "google_service_account",
      "name": "run_sa",
      "provider": "provider[\"registry.terraform.io/hashicorp/google\"]",
      "instances": [
        {
          "schema_version": 0,
          "attributes": {
            "account_id": "cloudrun-sa",
            "create_ignore_already_exists": null,
            "description": "",
            "disabled": false,
            "display_name": "Cloud Run Service Account",
            "email": "cloudrun-sa@alert-cursor-476219-s1.iam.gserviceaccount.com",
            "id": "projects/alert-cursor-476219-s1/serviceAccounts/cloudrun-sa@alert-cursor-476219-s1.iam.gserviceaccount.com",
            "member": "serviceAccount:cloudrun-sa@alert-cursor-476219-s1.iam.gserviceaccount.com",
            "name": "projects/alert-cursor-476219-s1/serviceAccounts/cloudrun-sa@alert-cursor-476219-s1.iam.gserviceaccount.com",
            "project": "alert-cursor-476219-s1",
            "timeouts": null,
            "unique_id": "106525789677245674677"
          },
          "sensitive_attributes": [],
          "identity_schema_version": 0,
          "private": "eyJlMmJmYjczMC1lY2FhLTExZTYtOGY4OC0zNDM2M2JjN2M0YzAiOnsiY3JlYXRlIjozMDAwMDAwMDAwMDB9fQ=="
        }
      ]
    }
  ],
  "check_results": null
}
